// !$*UTF8*$!
{
	archiveVersion = 1;
	classes = {
	};
	objectVersion = 56;
	objects = {

/* Begin PBXBuildFile section */
		EF97A563298ACBAD003E9C40 /* WavveAppApp.swift in Sources */ = {isa = PBXBuildFile; fileRef = EF97A562298ACBAD003E9C40 /* WavveAppApp.swift */; };
		EF97A565298ACBAD003E9C40 /* ContentView.swift in Sources */ = {isa = PBXBuildFile; fileRef = EF97A564298ACBAD003E9C40 /* ContentView.swift */; };
		EF97A567298ACBAE003E9C40 /* Assets.xcassets in Resources */ = {isa = PBXBuildFile; fileRef = EF97A566298ACBAE003E9C40 /* Assets.xcassets */; };
		EF97A56A298ACBAE003E9C40 /* Preview Assets.xcassets in Resources */ = {isa = PBXBuildFile; fileRef = EF97A569298ACBAE003E9C40 /* Preview Assets.xcassets */; };
		EF97A572298ACC84003E9C40 /* ProductData.json in Resources */ = {isa = PBXBuildFile; fileRef = EF97A571298ACC84003E9C40 /* ProductData.json */; };
		EF97A574298ACC8A003E9C40 /* Supporting Files in Resources */ = {isa = PBXBuildFile; fileRef = EF97A573298ACC8A003E9C40 /* Supporting Files */; };
		EF97A576298AD948003E9C40 /* ProductRow.swift in Sources */ = {isa = PBXBuildFile; fileRef = EF97A575298AD948003E9C40 /* ProductRow.swift */; };
		EF97A57A298AEDD3003E9C40 /* Color Extension.swift in Sources */ = {isa = PBXBuildFile; fileRef = EF97A579298AEDD3003E9C40 /* Color Extension.swift */; };
		EF97A57D298AF6D6003E9C40 /* Product.swift in Sources */ = {isa = PBXBuildFile; fileRef = EF97A57C298AF6D6003E9C40 /* Product.swift */; };
		EF97A57F298B2111003E9C40 /* Home.swift in Sources */ = {isa = PBXBuildFile; fileRef = EF97A57E298B2111003E9C40 /* Home.swift */; };
		EF97A581298B4A5A003E9C40 /* LiveStream.swift in Sources */ = {isa = PBXBuildFile; fileRef = EF97A580298B4A5A003E9C40 /* LiveStream.swift */; };
		EF97A584298B5228003E9C40 /* BundleExtension.swift in Sources */ = {isa = PBXBuildFile; fileRef = EF97A583298B5228003E9C40 /* BundleExtension.swift */; };
		EFAF3FD9298BDDE500D0BE30 /* LiveStreamView.swift in Sources */ = {isa = PBXBuildFile; fileRef = EFAF3FD8298BDDE500D0BE30 /* LiveStreamView.swift */; };
/* End PBXBuildFile section */

/* Begin PBXFileReference section */
		EF97A55F298ACBAD003E9C40 /* WavveApp.app */ = {isa = PBXFileReference; explicitFileType = wrapper.application; includeInIndex = 0; path = WavveApp.app; sourceTree = BUILT_PRODUCTS_DIR; };
		EF97A562298ACBAD003E9C40 /* WavveAppApp.swift */ = {isa = PBXFileReference; lastKnownFileType = sourcecode.swift; path = WavveAppApp.swift; sourceTree = "<group>"; };
		EF97A564298ACBAD003E9C40 /* ContentView.swift */ = {isa = PBXFileReference; lastKnownFileType = sourcecode.swift; path = ContentView.swift; sourceTree = "<group>"; };
		EF97A566298ACBAE003E9C40 /* Assets.xcassets */ = {isa = PBXFileReference; lastKnownFileType = folder.assetcatalog; path = Assets.xcassets; sourceTree = "<group>"; };
		EF97A569298ACBAE003E9C40 /* Preview Assets.xcassets */ = {isa = PBXFileReference; lastKnownFileType = folder.assetcatalog; path = "Preview Assets.xcassets"; sourceTree = "<group>"; };
		EF97A571298ACC84003E9C40 /* ProductData.json */ = {isa = PBXFileReference; fileEncoding = 4; lastKnownFileType = text.json; name = ProductData.json; path = ../../../../Documents/SweetSwiftUI/FruitMart/Resources/ProductData.json; sourceTree = "<group>"; };
		EF97A573298ACC8A003E9C40 /* Supporting Files */ = {isa = PBXFileReference; lastKnownFileType = folder; name = "Supporting Files"; path = "../../../../Documents/SweetSwiftUI/FruitMart/Supporting Files"; sourceTree = "<group>"; };
		EF97A575298AD948003E9C40 /* ProductRow.swift */ = {isa = PBXFileReference; lastKnownFileType = sourcecode.swift; path = ProductRow.swift; sourceTree = "<group>"; };
		EF97A579298AEDD3003E9C40 /* Color Extension.swift */ = {isa = PBXFileReference; lastKnownFileType = sourcecode.swift; path = "Color Extension.swift"; sourceTree = "<group>"; };
		EF97A57C298AF6D6003E9C40 /* Product.swift */ = {isa = PBXFileReference; lastKnownFileType = sourcecode.swift; path = Product.swift; sourceTree = "<group>"; };
		EF97A57E298B2111003E9C40 /* Home.swift */ = {isa = PBXFileReference; lastKnownFileType = sourcecode.swift; path = Home.swift; sourceTree = "<group>"; };
		EF97A580298B4A5A003E9C40 /* LiveStream.swift */ = {isa = PBXFileReference; lastKnownFileType = sourcecode.swift; path = LiveStream.swift; sourceTree = "<group>"; };
		EF97A583298B5228003E9C40 /* BundleExtension.swift */ = {isa = PBXFileReference; lastKnownFileType = sourcecode.swift; path = BundleExtension.swift; sourceTree = "<group>"; };
		EFAF3FD8298BDDE500D0BE30 /* LiveStreamView.swift */ = {isa = PBXFileReference; lastKnownFileType = sourcecode.swift; path = LiveStreamView.swift; sourceTree = "<group>"; };
/* End PBXFileReference section */

/* Begin PBXFrameworksBuildPhase section */
		EF97A55C298ACBAD003E9C40 /* Frameworks */ = {
			isa = PBXFrameworksBuildPhase;
			buildActionMask = 2147483647;
			files = (
			);
			runOnlyForDeploymentPostprocessing = 0;
		};
/* End PBXFrameworksBuildPhase section */

/* Begin PBXGroup section */
		EF97A556298ACBAC003E9C40 = {
			isa = PBXGroup;
			children = (
				EF97A561298ACBAD003E9C40 /* WavveApp */,
				EF97A560298ACBAD003E9C40 /* Products */,
			);
			sourceTree = "<group>";
		};
		EF97A560298ACBAD003E9C40 /* Products */ = {
			isa = PBXGroup;
			children = (
				EF97A55F298ACBAD003E9C40 /* WavveApp.app */,
			);
			name = Products;
			sourceTree = "<group>";
		};
		EF97A561298ACBAD003E9C40 /* WavveApp */ = {
			isa = PBXGroup;
			children = (
				EF97A57B298AF6B6003E9C40 /* Model */,
				EF97A577298AED84003E9C40 /* Helper */,
				EFAF3FD7298BDD7100D0BE30 /* Live(ContentView) */,
				EF97A562298ACBAD003E9C40 /* WavveAppApp.swift */,
				EF97A564298ACBAD003E9C40 /* ContentView.swift */,
				EFAF3FD8298BDDE500D0BE30 /* LiveStreamView.swift */,
				EF97A57E298B2111003E9C40 /* Home.swift */,
				EF97A570298ACC37003E9C40 /* Reources */,
				EF97A568298ACBAE003E9C40 /* Preview Content */,
			);
			path = WavveApp;
			sourceTree = "<group>";
		};
		EF97A568298ACBAE003E9C40 /* Preview Content */ = {
			isa = PBXGroup;
			children = (
				EF97A573298ACC8A003E9C40 /* Supporting Files */,
				EF97A569298ACBAE003E9C40 /* Preview Assets.xcassets */,
			);
			path = "Preview Content";
			sourceTree = "<group>";
		};
		EF97A570298ACC37003E9C40 /* Reources */ = {
			isa = PBXGroup;
			children = (
				EF97A566298ACBAE003E9C40 /* Assets.xcassets */,
				EF97A571298ACC84003E9C40 /* ProductData.json */,
			);
			path = Reources;
			sourceTree = "<group>";
		};
		EF97A577298AED84003E9C40 /* Helper */ = {
			isa = PBXGroup;
			children = (
				EF97A578298AED8D003E9C40 /* Extension */,
			);
			path = Helper;
			sourceTree = "<group>";
		};
		EF97A578298AED8D003E9C40 /* Extension */ = {
			isa = PBXGroup;
			children = (
				EF97A579298AEDD3003E9C40 /* Color Extension.swift */,
				EF97A583298B5228003E9C40 /* BundleExtension.swift */,
			);
			path = Extension;
			sourceTree = "<group>";
		};
		EF97A57B298AF6B6003E9C40 /* Model */ = {
			isa = PBXGroup;
			children = (
				EF97A57C298AF6D6003E9C40 /* Product.swift */,
				EF97A580298B4A5A003E9C40 /* LiveStream.swift */,
			);
			path = Model;
			sourceTree = "<group>";
		};
		EFAF3FD7298BDD7100D0BE30 /* Live(ContentView) */ = {
			isa = PBXGroup;
			children = (
				EF97A575298AD948003E9C40 /* ProductRow.swift */,
			);
			path = "Live(ContentView)";
			sourceTree = "<group>";
		};
/* End PBXGroup section */

/* Begin PBXNativeTarget section */
		EF97A55E298ACBAD003E9C40 /* WavveApp */ = {
			isa = PBXNativeTarget;
			buildConfigurationList = EF97A56D298ACBAE003E9C40 /* Build configuration list for PBXNativeTarget "WavveApp" */;
			buildPhases = (
				EF97A55B298ACBAD003E9C40 /* Sources */,
				EF97A55C298ACBAD003E9C40 /* Frameworks */,
				EF97A55D298ACBAD003E9C40 /* Resources */,
			);
			buildRules = (
			);
			dependencies = (
			);
			name = WavveApp;
			productName = WavveApp;
			productReference = EF97A55F298ACBAD003E9C40 /* WavveApp.app */;
			productType = "com.apple.product-type.application";
		};
/* End PBXNativeTarget section */

/* Begin PBXProject section */
		EF97A557298ACBAC003E9C40 /* Project object */ = {
			isa = PBXProject;
			attributes = {
				BuildIndependentTargetsInParallel = 1;
				LastSwiftUpdateCheck = 1420;
				LastUpgradeCheck = 1420;
				TargetAttributes = {
					EF97A55E298ACBAD003E9C40 = {
						CreatedOnToolsVersion = 14.2;
					};
				};
			};
			buildConfigurationList = EF97A55A298ACBAC003E9C40 /* Build configuration list for PBXProject "WavveApp" */;
			compatibilityVersion = "Xcode 14.0";
			developmentRegion = en;
			hasScannedForEncodings = 0;
			knownRegions = (
				en,
				Base,
			);
			mainGroup = EF97A556298ACBAC003E9C40;
			productRefGroup = EF97A560298ACBAD003E9C40 /* Products */;
			projectDirPath = "";
			projectRoot = "";
			targets = (
				EF97A55E298ACBAD003E9C40 /* WavveApp */,
			);
		};
/* End PBXProject section */

/* Begin PBXResourcesBuildPhase section */
		EF97A55D298ACBAD003E9C40 /* Resources */ = {
			isa = PBXResourcesBuildPhase;
			buildActionMask = 2147483647;
			files = (
				EF97A56A298ACBAE003E9C40 /* Preview Assets.xcassets in Resources */,
				EF97A567298ACBAE003E9C40 /* Assets.xcassets in Resources */,
				EF97A574298ACC8A003E9C40 /* Supporting Files in Resources */,
				EF97A572298ACC84003E9C40 /* ProductData.json in Resources */,
			);
			runOnlyForDeploymentPostprocessing = 0;
		};
/* End PBXResourcesBuildPhase section */

/* Begin PBXSourcesBuildPhase section */
		EF97A55B298ACBAD003E9C40 /* Sources */ = {
			isa = PBXSourcesBuildPhase;
			buildActionMask = 2147483647;
			files = (
				EF97A57A298AEDD3003E9C40 /* Color Extension.swift in Sources */,
				EF97A565298ACBAD003E9C40 /* ContentView.swift in Sources */,
				EFAF3FD9298BDDE500D0BE30 /* LiveStreamView.swift in Sources */,
				EF97A57D298AF6D6003E9C40 /* Product.swift in Sources */,
				EF97A563298ACBAD003E9C40 /* WavveAppApp.swift in Sources */,
				EF97A57F298B2111003E9C40 /* Home.swift in Sources */,
				EF97A581298B4A5A003E9C40 /* LiveStream.swift in Sources */,
				EF97A576298AD948003E9C40 /* ProductRow.swift in Sources */,
				EF97A584298B5228003E9C40 /* BundleExtension.swift in Sources */,
			);
			runOnlyForDeploymentPostprocessing = 0;
		};
/* End PBXSourcesBuildPhase section */

/* Begin XCBuildConfiguration section */
		EF97A56B298ACBAE003E9C40 /* Debug */ = {
			isa = XCBuildConfiguration;
			buildSettings = {
				ALWAYS_SEARCH_USER_PATHS = NO;
				CLANG_ANALYZER_NONNULL = YES;
				CLANG_ANALYZER_NUMBER_OBJECT_CONVERSION = YES_AGGRESSIVE;
				CLANG_CXX_LANGUAGE_STANDARD = "gnu++20";
				CLANG_ENABLE_MODULES = YES;
				CLANG_ENABLE_OBJC_ARC = YES;
				CLANG_ENABLE_OBJC_WEAK = YES;
				CLANG_WARN_BLOCK_CAPTURE_AUTORELEASING = YES;
				CLANG_WARN_BOOL_CONVERSION = YES;
				CLANG_WARN_COMMA = YES;
				CLANG_WARN_CONSTANT_CONVERSION = YES;
				CLANG_WARN_DEPRECATED_OBJC_IMPLEMENTATIONS = YES;
				CLANG_WARN_DIRECT_OBJC_ISA_USAGE = YES_ERROR;
				CLANG_WARN_DOCUMENTATION_COMMENTS = YES;
				CLANG_WARN_EMPTY_BODY = YES;
				CLANG_WARN_ENUM_CONVERSION = YES;
				CLANG_WARN_INFINITE_RECURSION = YES;
				CLANG_WARN_INT_CONVERSION = YES;
				CLANG_WARN_NON_LITERAL_NULL_CONVERSION = YES;
				CLANG_WARN_OBJC_IMPLICIT_RETAIN_SELF = YES;
				CLANG_WARN_OBJC_LITERAL_CONVERSION = YES;
				CLANG_WARN_OBJC_ROOT_CLASS = YES_ERROR;
				CLANG_WARN_QUOTED_INCLUDE_IN_FRAMEWORK_HEADER = YES;
				CLANG_WARN_RANGE_LOOP_ANALYSIS = YES;
				CLANG_WARN_STRICT_PROTOTYPES = YES;
				CLANG_WARN_SUSPICIOUS_MOVE = YES;
				CLANG_WARN_UNGUARDED_AVAILABILITY = YES_AGGRESSIVE;
				CLANG_WARN_UNREACHABLE_CODE = YES;
				CLANG_WARN__DUPLICATE_METHOD_MATCH = YES;
				COPY_PHASE_STRIP = NO;
				DEBUG_INFORMATION_FORMAT = dwarf;
				ENABLE_STRICT_OBJC_MSGSEND = YES;
				ENABLE_TESTABILITY = YES;
				GCC_C_LANGUAGE_STANDARD = gnu11;
				GCC_DYNAMIC_NO_PIC = NO;
				GCC_NO_COMMON_BLOCKS = YES;
				GCC_OPTIMIZATION_LEVEL = 0;
				GCC_PREPROCESSOR_DEFINITIONS = (
					"DEBUG=1",
					"$(inherited)",
				);
				GCC_WARN_64_TO_32_BIT_CONVERSION = YES;
				GCC_WARN_ABOUT_RETURN_TYPE = YES_ERROR;
				GCC_WARN_UNDECLARED_SELECTOR = YES;
				GCC_WARN_UNINITIALIZED_AUTOS = YES_AGGRESSIVE;
				GCC_WARN_UNUSED_FUNCTION = YES;
				GCC_WARN_UNUSED_VARIABLE = YES;
				IPHONEOS_DEPLOYMENT_TARGET = 16.2;
				MTL_ENABLE_DEBUG_INFO = INCLUDE_SOURCE;
				MTL_FAST_MATH = YES;
				ONLY_ACTIVE_ARCH = YES;
				SDKROOT = iphoneos;
				SWIFT_ACTIVE_COMPILATION_CONDITIONS = DEBUG;
				SWIFT_OPTIMIZATION_LEVEL = "-Onone";
			};
			name = Debug;
		};
		EF97A56C298ACBAE003E9C40 /* Release */ = {
			isa = XCBuildConfiguration;
			buildSettings = {
				ALWAYS_SEARCH_USER_PATHS = NO;
				CLANG_ANALYZER_NONNULL = YES;
				CLANG_ANALYZER_NUMBER_OBJECT_CONVERSION = YES_AGGRESSIVE;
				CLANG_CXX_LANGUAGE_STANDARD = "gnu++20";
				CLANG_ENABLE_MODULES = YES;
				CLANG_ENABLE_OBJC_ARC = YES;
				CLANG_ENABLE_OBJC_WEAK = YES;
				CLANG_WARN_BLOCK_CAPTURE_AUTORELEASING = YES;
				CLANG_WARN_BOOL_CONVERSION = YES;
				CLANG_WARN_COMMA = YES;
				CLANG_WARN_CONSTANT_CONVERSION = YES;
				CLANG_WARN_DEPRECATED_OBJC_IMPLEMENTATIONS = YES;
				CLANG_WARN_DIRECT_OBJC_ISA_USAGE = YES_ERROR;
				CLANG_WARN_DOCUMENTATION_COMMENTS = YES;
				CLANG_WARN_EMPTY_BODY = YES;
				CLANG_WARN_ENUM_CONVERSION = YES;
				CLANG_WARN_INFINITE_RECURSION = YES;
				CLANG_WARN_INT_CONVERSION = YES;
				CLANG_WARN_NON_LITERAL_NULL_CONVERSION = YES;
				CLANG_WARN_OBJC_IMPLICIT_RETAIN_SELF = YES;
				CLANG_WARN_OBJC_LITERAL_CONVERSION = YES;
				CLANG_WARN_OBJC_ROOT_CLASS = YES_ERROR;
				CLANG_WARN_QUOTED_INCLUDE_IN_FRAMEWORK_HEADER = YES;
				CLANG_WARN_RANGE_LOOP_ANALYSIS = YES;
				CLANG_WARN_STRICT_PROTOTYPES = YES;
				CLANG_WARN_SUSPICIOUS_MOVE = YES;
				CLANG_WARN_UNGUARDED_AVAILABILITY = YES_AGGRESSIVE;
				CLANG_WARN_UNREACHABLE_CODE = YES;
				CLANG_WARN__DUPLICATE_METHOD_MATCH = YES;
				COPY_PHASE_STRIP = NO;
				DEBUG_INFORMATION_FORMAT = "dwarf-with-dsym";
				ENABLE_NS_ASSERTIONS = NO;
				ENABLE_STRICT_OBJC_MSGSEND = YES;
				GCC_C_LANGUAGE_STANDARD = gnu11;
				GCC_NO_COMMON_BLOCKS = YES;
				GCC_WARN_64_TO_32_BIT_CONVERSION = YES;
				GCC_WARN_ABOUT_RETURN_TYPE = YES_ERROR;
				GCC_WARN_UNDECLARED_SELECTOR = YES;
				GCC_WARN_UNINITIALIZED_AUTOS = YES_AGGRESSIVE;
				GCC_WARN_UNUSED_FUNCTION = YES;
				GCC_WARN_UNUSED_VARIABLE = YES;
				IPHONEOS_DEPLOYMENT_TARGET = 16.2;
				MTL_ENABLE_DEBUG_INFO = NO;
				MTL_FAST_MATH = YES;
				SDKROOT = iphoneos;
				SWIFT_COMPILATION_MODE = wholemodule;
				SWIFT_OPTIMIZATION_LEVEL = "-O";
				VALIDATE_PRODUCT = YES;
			};
			name = Release;
		};
		EF97A56E298ACBAE003E9C40 /* Debug */ = {
			isa = XCBuildConfiguration;
			buildSettings = {
				ASSETCATALOG_COMPILER_APPICON_NAME = AppIcon;
				ASSETCATALOG_COMPILER_GLOBAL_ACCENT_COLOR_NAME = AccentColor;
				CODE_SIGN_STYLE = Automatic;
				CURRENT_PROJECT_VERSION = 1;
				DEVELOPMENT_ASSET_PATHS = "\"WavveApp/Preview Content\"";
				ENABLE_PREVIEWS = YES;
				GENERATE_INFOPLIST_FILE = YES;
				INFOPLIST_KEY_UIApplicationSceneManifest_Generation = YES;
				INFOPLIST_KEY_UIApplicationSupportsIndirectInputEvents = YES;
				INFOPLIST_KEY_UILaunchScreen_Generation = YES;
				INFOPLIST_KEY_UISupportedInterfaceOrientations_iPad = "UIInterfaceOrientationPortrait UIInterfaceOrientationPortraitUpsideDown UIInterfaceOrientationLandscapeLeft UIInterfaceOrientationLandscapeRight";
				INFOPLIST_KEY_UISupportedInterfaceOrientations_iPhone = "UIInterfaceOrientationPortrait UIInterfaceOrientationLandscapeLeft UIInterfaceOrientationLandscapeRight";
				LD_RUNPATH_SEARCH_PATHS = (
					"$(inherited)",
					"@executable_path/Frameworks",
				);
				MARKETING_VERSION = 1.0;
				PRODUCT_BUNDLE_IDENTIFIER = com.realview45.WavveApp;
				PRODUCT_NAME = "$(TARGET_NAME)";
				SWIFT_EMIT_LOC_STRINGS = YES;
				SWIFT_VERSION = 5.0;
				TARGETED_DEVICE_FAMILY = "1,2";
			};
			name = Debug;
		};
		EF97A56F298ACBAE003E9C40 /* Release */ = {
			isa = XCBuildConfiguration;
			buildSettings = {
				ASSETCATALOG_COMPILER_APPICON_NAME = AppIcon;
				ASSETCATALOG_COMPILER_GLOBAL_ACCENT_COLOR_NAME = AccentColor;
				CODE_SIGN_STYLE = Automatic;
				CURRENT_PROJECT_VERSION = 1;
				DEVELOPMENT_ASSET_PATHS = "\"WavveApp/Preview Content\"";
				ENABLE_PREVIEWS = YES;
				GENERATE_INFOPLIST_FILE = YES;
				INFOPLIST_KEY_UIApplicationSceneManifest_Generation = YES;
				INFOPLIST_KEY_UIApplicationSupportsIndirectInputEvents = YES;
				INFOPLIST_KEY_UILaunchScreen_Generation = YES;
				INFOPLIST_KEY_UISupportedInterfaceOrientations_iPad = "UIInterfaceOrientationPortrait UIInterfaceOrientationPortraitUpsideDown UIInterfaceOrientationLandscapeLeft UIInterfaceOrientationLandscapeRight";
				INFOPLIST_KEY_UISupportedInterfaceOrientations_iPhone = "UIInterfaceOrientationPortrait UIInterfaceOrientationLandscapeLeft UIInterfaceOrientationLandscapeRight";
				LD_RUNPATH_SEARCH_PATHS = (
					"$(inherited)",
					"@executable_path/Frameworks",
				);
				MARKETING_VERSION = 1.0;
				PRODUCT_BUNDLE_IDENTIFIER = com.realview45.WavveApp;
				PRODUCT_NAME = "$(TARGET_NAME)";
				SWIFT_EMIT_LOC_STRINGS = YES;
				SWIFT_VERSION = 5.0;
				TARGETED_DEVICE_FAMILY = "1,2";
			};
			name = Release;
		};
/* End XCBuildConfiguration section */

/* Begin XCConfigurationList section */
		EF97A55A298ACBAC003E9C40 /* Build configuration list for PBXProject "WavveApp" */ = {
			isa = XCConfigurationList;
			buildConfigurations = (
				EF97A56B298ACBAE003E9C40 /* Debug */,
				EF97A56C298ACBAE003E9C40 /* Release */,
			);
			defaultConfigurationIsVisible = 0;
			defaultConfigurationName = Release;
		};
		EF97A56D298ACBAE003E9C40 /* Build configuration list for PBXNativeTarget "WavveApp" */ = {
			isa = XCConfigurationList;
			buildConfigurations = (
				EF97A56E298ACBAE003E9C40 /* Debug */,
				EF97A56F298ACBAE003E9C40 /* Release */,
			);
			defaultConfigurationIsVisible = 0;
			defaultConfigurationName = Release;
		};
/* End XCConfigurationList section */
	};
	rootObject = EF97A557298ACBAC003E9C40 /* Project object */;
}
